
Microsoft Visual Studio Solution File, Format Version 11.00
# Visual Studio 2010
Project("{002A2DE9-8BB6-484D-9802-7E4AD4084715}") = "diqs", "diqs.visualdproj", "{4399A881-113B-4E2B-98F5-3BAA5FCE8E4D}"
EndProject
Global
	GlobalSection(SolutionConfigurationPlatforms) = preSolution
		Debug|Win32 = Debug|Win32
		Release|Win32 = Release|Win32
	EndGlobalSection
	GlobalSection(ProjectConfigurationPlatforms) = postSolution
		{4399A881-113B-4E2B-98F5-3BAA5FCE8E4D}.Debug|Win32.ActiveCfg = Debug|Win32
		{4399A881-113B-4E2B-98F5-3BAA5FCE8E4D}.Debug|Win32.Build.0 = Debug|Win32
		{4399A881-113B-4E2B-98F5-3BAA5FCE8E4D}.Release|Win32.ActiveCfg = Release|Win32
		{4399A881-113B-4E2B-98F5-3BAA5FCE8E4D}.Release|Win32.Build.0 = Release|Win32
	EndGlobalSection
	GlobalSection(SolutionProperties) = preSolution
		HideSolutionNode = FALSE
	EndGlobalSection
EndGlobal
